
Microsoft Visual Studio Solution File, Format Version 12.00
# Visual Studio Version 17
VisualStudioVersion = 17.2.32616.157
MinimumVisualStudioVersion = 10.0.40219.1
Project("{FAE04EC0-301F-11D3-BF4B-00C04F79EFBC}") = "MineBitcoin", "MineBitcoin.csproj", "{1883EB53-AB75-48A0-98CD-258F9291AEBF}"
EndProject
Global
	GlobalSection(SolutionConfigurationPlatforms) = preSolution
		Debug|Any CPU = Debug|Any CPU
		Release|Any CPU = Release|Any CPU
	EndGlobalSection
	GlobalSection(ProjectConfigurationPlatforms) = postSolution
		{1883EB53-AB75-48A0-98CD-258F9291AEBF}.Debug|Any CPU.ActiveCfg = Debug|Any CPU
		{1883EB53-AB75-48A0-98CD-258F9291AEBF}.Debug|Any CPU.Build.0 = Debug|Any CPU
		{1883EB53-AB75-48A0-98CD-258F9291AEBF}.Release|Any CPU.ActiveCfg = Release|Any CPU
		{1883EB53-AB75-48A0-98CD-258F9291AEBF}.Release|Any CPU.Build.0 = Release|Any CPU
	EndGlobalSection
	GlobalSection(SolutionProperties) = preSolution
		HideSolutionNode = FALSE
	EndGlobalSection
	GlobalSection(ExtensibilityGlobals) = postSolution
		SolutionGuid = {70AAA670-2964-4352-9F57-2C7F96CDEFFD}
	EndGlobalSection
EndGlobal
